// !$*UTF8*$!
{
	archiveVersion = 1;
	classes = {
	};
	objectVersion = 48;
	objects = {

/* Begin PBXBuildFile section */
		4DC8EB28206113B10015E54F /* main.cpp in Sources */ = {isa = PBXBuildFile; fileRef = 4DC8EB27206113B10015E54F /* main.cpp */; };
		4DFF7E51206A1BDD00980465 /* StyleConvert.cpp in Sources */ = {isa = PBXBuildFile; fileRef = 4DFF7E4F206A1BDD00980465 /* StyleConvert.cpp */; };
		4DFF7E63206A1C5D00980465 /* libopencv_highgui.3.3.0.dylib in Frameworks */ = {isa = PBXBuildFile; fileRef = 4DFF7E52206A1C5B00980465 /* libopencv_highgui.3.3.0.dylib */; };
		4DFF7E64206A1C5D00980465 /* libopencv_videostab.3.3.0.dylib in Frameworks */ = {isa = PBXBuildFile; fileRef = 4DFF7E53206A1C5B00980465 /* libopencv_videostab.3.3.0.dylib */; };
		4DFF7E65206A1C5D00980465 /* libopencv_objdetect.3.3.0.dylib in Frameworks */ = {isa = PBXBuildFile; fileRef = 4DFF7E54206A1C5B00980465 /* libopencv_objdetect.3.3.0.dylib */; };
		4DFF7E66206A1C5D00980465 /* libopencv_stitching.3.3.0.dylib in Frameworks */ = {isa = PBXBuildFile; fileRef = 4DFF7E55206A1C5B00980465 /* libopencv_stitching.3.3.0.dylib */; };
		4DFF7E67206A1C5D00980465 /* libopencv_imgproc.3.3.0.dylib in Frameworks */ = {isa = PBXBuildFile; fileRef = 4DFF7E56206A1C5B00980465 /* libopencv_imgproc.3.3.0.dylib */; };
		4DFF7E68206A1C5D00980465 /* libopencv_ml.3.3.0.dylib in Frameworks */ = {isa = PBXBuildFile; fileRef = 4DFF7E57206A1C5C00980465 /* libopencv_ml.3.3.0.dylib */; };
		4DFF7E69206A1C5D00980465 /* libopencv_shape.3.3.0.dylib in Frameworks */ = {isa = PBXBuildFile; fileRef = 4DFF7E58206A1C5C00980465 /* libopencv_shape.3.3.0.dylib */; };
		4DFF7E6A206A1C5D00980465 /* libopencv_dnn.3.3.0.dylib in Frameworks */ = {isa = PBXBuildFile; fileRef = 4DFF7E59206A1C5C00980465 /* libopencv_dnn.3.3.0.dylib */; };
		4DFF7E6B206A1C5D00980465 /* libopencv_features2d.3.3.0.dylib in Frameworks */ = {isa = PBXBuildFile; fileRef = 4DFF7E5A206A1C5C00980465 /* libopencv_features2d.3.3.0.dylib */; };
		4DFF7E6C206A1C5D00980465 /* libopencv_photo.3.3.0.dylib in Frameworks */ = {isa = PBXBuildFile; fileRef = 4DFF7E5B206A1C5C00980465 /* libopencv_photo.3.3.0.dylib */; };
		4DFF7E6D206A1C5D00980465 /* libopencv_video.3.3.0.dylib in Frameworks */ = {isa = PBXBuildFile; fileRef = 4DFF7E5C206A1C5C00980465 /* libopencv_video.3.3.0.dylib */; };
		4DFF7E6E206A1C5D00980465 /* libopencv_videoio.3.3.0.dylib in Frameworks */ = {isa = PBXBuildFile; fileRef = 4DFF7E5D206A1C5C00980465 /* libopencv_videoio.3.3.0.dylib */; };
		4DFF7E6F206A1C5D00980465 /* libopencv_flann.3.3.0.dylib in Frameworks */ = {isa = PBXBuildFile; fileRef = 4DFF7E5E206A1C5D00980465 /* libopencv_flann.3.3.0.dylib */; };
		4DFF7E70206A1C5D00980465 /* libopencv_calib3d.3.3.0.dylib in Frameworks */ = {isa = PBXBuildFile; fileRef = 4DFF7E5F206A1C5D00980465 /* libopencv_calib3d.3.3.0.dylib */; };
		4DFF7E71206A1C5D00980465 /* libopencv_superres.3.3.0.dylib in Frameworks */ = {isa = PBXBuildFile; fileRef = 4DFF7E60206A1C5D00980465 /* libopencv_superres.3.3.0.dylib */; };
		4DFF7E72206A1C5D00980465 /* libopencv_core.3.3.0.dylib in Frameworks */ = {isa = PBXBuildFile; fileRef = 4DFF7E61206A1C5D00980465 /* libopencv_core.3.3.0.dylib */; };
		4DFF7E73206A1C5D00980465 /* libopencv_imgcodecs.3.3.0.dylib in Frameworks */ = {isa = PBXBuildFile; fileRef = 4DFF7E62206A1C5D00980465 /* libopencv_imgcodecs.3.3.0.dylib */; };
		4DFF7E76206A6DD400980465 /* MergeImage.cpp in Sources */ = {isa = PBXBuildFile; fileRef = 4DFF7E74206A6DD400980465 /* MergeImage.cpp */; };
/* End PBXBuildFile section */

/* Begin PBXCopyFilesBuildPhase section */
		4DC8EB22206113B10015E54F /* CopyFiles */ = {
			isa = PBXCopyFilesBuildPhase;
			buildActionMask = 2147483647;
			dstPath = /usr/share/man/man1/;
			dstSubfolderSpec = 0;
			files = (
			);
			runOnlyForDeploymentPostprocessing = 1;
		};
/* End PBXCopyFilesBuildPhase section */

/* Begin PBXFileReference section */
		4DC8EB24206113B10015E54F /* Golden_Hour */ = {isa = PBXFileReference; explicitFileType = "compiled.mach-o.executable"; includeInIndex = 0; path = Golden_Hour; sourceTree = BUILT_PRODUCTS_DIR; };
		4DC8EB27206113B10015E54F /* main.cpp */ = {isa = PBXFileReference; lastKnownFileType = sourcecode.cpp.cpp; path = main.cpp; sourceTree = "<group>"; };
		4DFF7E4F206A1BDD00980465 /* StyleConvert.cpp */ = {isa = PBXFileReference; lastKnownFileType = sourcecode.cpp.cpp; path = StyleConvert.cpp; sourceTree = "<group>"; };
		4DFF7E50206A1BDD00980465 /* StyleConvert.hpp */ = {isa = PBXFileReference; lastKnownFileType = sourcecode.cpp.h; path = StyleConvert.hpp; sourceTree = "<group>"; };
		4DFF7E52206A1C5B00980465 /* libopencv_highgui.3.3.0.dylib */ = {isa = PBXFileReference; lastKnownFileType = "compiled.mach-o.dylib"; name = libopencv_highgui.3.3.0.dylib; path = ../../../../../usr/local/lib/libopencv_highgui.3.3.0.dylib; sourceTree = "<group>"; };
		4DFF7E53206A1C5B00980465 /* libopencv_videostab.3.3.0.dylib */ = {isa = PBXFileReference; lastKnownFileType = "compiled.mach-o.dylib"; name = libopencv_videostab.3.3.0.dylib; path = ../../../../../usr/local/lib/libopencv_videostab.3.3.0.dylib; sourceTree = "<group>"; };
		4DFF7E54206A1C5B00980465 /* libopencv_objdetect.3.3.0.dylib */ = {isa = PBXFileReference; lastKnownFileType = "compiled.mach-o.dylib"; name = libopencv_objdetect.3.3.0.dylib; path = ../../../../../usr/local/lib/libopencv_objdetect.3.3.0.dylib; sourceTree = "<group>"; };
		4DFF7E55206A1C5B00980465 /* libopencv_stitching.3.3.0.dylib */ = {isa = PBXFileReference; lastKnownFileType = "compiled.mach-o.dylib"; name = libopencv_stitching.3.3.0.dylib; path = ../../../../../usr/local/lib/libopencv_stitching.3.3.0.dylib; sourceTree = "<group>"; };
		4DFF7E56206A1C5B00980465 /* libopencv_imgproc.3.3.0.dylib */ = {isa = PBXFileReference; lastKnownFileType = "compiled.mach-o.dylib"; name = libopencv_imgproc.3.3.0.dylib; path = ../../../../../usr/local/lib/libopencv_imgproc.3.3.0.dylib; sourceTree = "<group>"; };
		4DFF7E57206A1C5C00980465 /* libopencv_ml.3.3.0.dylib */ = {isa = PBXFileReference; lastKnownFileType = "compiled.mach-o.dylib"; name = libopencv_ml.3.3.0.dylib; path = ../../../../../usr/local/lib/libopencv_ml.3.3.0.dylib; sourceTree = "<group>"; };
		4DFF7E58206A1C5C00980465 /* libopencv_shape.3.3.0.dylib */ = {isa = PBXFileReference; lastKnownFileType = "compiled.mach-o.dylib"; name = libopencv_shape.3.3.0.dylib; path = ../../../../../usr/local/lib/libopencv_shape.3.3.0.dylib; sourceTree = "<group>"; };
		4DFF7E59206A1C5C00980465 /* libopencv_dnn.3.3.0.dylib */ = {isa = PBXFileReference; lastKnownFileType = "compiled.mach-o.dylib"; name = libopencv_dnn.3.3.0.dylib; path = ../../../../../usr/local/lib/libopencv_dnn.3.3.0.dylib; sourceTree = "<group>"; };
		4DFF7E5A206A1C5C00980465 /* libopencv_features2d.3.3.0.dylib */ = {isa = PBXFileReference; lastKnownFileType = "compiled.mach-o.dylib"; name = libopencv_features2d.3.3.0.dylib; path = ../../../../../usr/local/lib/libopencv_features2d.3.3.0.dylib; sourceTree = "<group>"; };
		4DFF7E5B206A1C5C00980465 /* libopencv_photo.3.3.0.dylib */ = {isa = PBXFileReference; lastKnownFileType = "compiled.mach-o.dylib"; name = libopencv_photo.3.3.0.dylib; path = ../../../../../usr/local/lib/libopencv_photo.3.3.0.dylib; sourceTree = "<group>"; };
		4DFF7E5C206A1C5C00980465 /* libopencv_video.3.3.0.dylib */ = {isa = PBXFileReference; lastKnownFileType = "compiled.mach-o.dylib"; name = libopencv_video.3.3.0.dylib; path = ../../../../../usr/local/lib/libopencv_video.3.3.0.dylib; sourceTree = "<group>"; };
		4DFF7E5D206A1C5C00980465 /* libopencv_videoio.3.3.0.dylib */ = {isa = PBXFileReference; lastKnownFileType = "compiled.mach-o.dylib"; name = libopencv_videoio.3.3.0.dylib; path = ../../../../../usr/local/lib/libopencv_videoio.3.3.0.dylib; sourceTree = "<group>"; };
		4DFF7E5E206A1C5D00980465 /* libopencv_flann.3.3.0.dylib */ = {isa = PBXFileReference; lastKnownFileType = "compiled.mach-o.dylib"; name = libopencv_flann.3.3.0.dylib; path = ../../../../../usr/local/lib/libopencv_flann.3.3.0.dylib; sourceTree = "<group>"; };
		4DFF7E5F206A1C5D00980465 /* libopencv_calib3d.3.3.0.dylib */ = {isa = PBXFileReference; lastKnownFileType = "compiled.mach-o.dylib"; name = libopencv_calib3d.3.3.0.dylib; path = ../../../../../usr/local/lib/libopencv_calib3d.3.3.0.dylib; sourceTree = "<group>"; };
		4DFF7E60206A1C5D00980465 /* libopencv_superres.3.3.0.dylib */ = {isa = PBXFileReference; lastKnownFileType = "compiled.mach-o.dylib"; name = libopencv_superres.3.3.0.dylib; path = ../../../../../usr/local/lib/libopencv_superres.3.3.0.dylib; sourceTree = "<group>"; };
		4DFF7E61206A1C5D00980465 /* libopencv_core.3.3.0.dylib */ = {isa = PBXFileReference; lastKnownFileType = "compiled.mach-o.dylib"; name = libopencv_core.3.3.0.dylib; path = ../../../../../usr/local/lib/libopencv_core.3.3.0.dylib; sourceTree = "<group>"; };
		4DFF7E62206A1C5D00980465 /* libopencv_imgcodecs.3.3.0.dylib */ = {isa = PBXFileReference; lastKnownFileType = "compiled.mach-o.dylib"; name = libopencv_imgcodecs.3.3.0.dylib; path = ../../../../../usr/local/lib/libopencv_imgcodecs.3.3.0.dylib; sourceTree = "<group>"; };
		4DFF7E74206A6DD400980465 /* MergeImage.cpp */ = {isa = PBXFileReference; lastKnownFileType = sourcecode.cpp.cpp; path = MergeImage.cpp; sourceTree = "<group>"; };
		4DFF7E75206A6DD400980465 /* MergeImage.hpp */ = {isa = PBXFileReference; lastKnownFileType = sourcecode.cpp.h; path = MergeImage.hpp; sourceTree = "<group>"; };
/* End PBXFileReference section */

/* Begin PBXFrameworksBuildPhase section */
		4DC8EB21206113B10015E54F /* Frameworks */ = {
			isa = PBXFrameworksBuildPhase;
			buildActionMask = 2147483647;
			files = (
				4DFF7E6F206A1C5D00980465 /* libopencv_flann.3.3.0.dylib in Frameworks */,
				4DFF7E6B206A1C5D00980465 /* libopencv_features2d.3.3.0.dylib in Frameworks */,
				4DFF7E69206A1C5D00980465 /* libopencv_shape.3.3.0.dylib in Frameworks */,
				4DFF7E63206A1C5D00980465 /* libopencv_highgui.3.3.0.dylib in Frameworks */,
				4DFF7E70206A1C5D00980465 /* libopencv_calib3d.3.3.0.dylib in Frameworks */,
				4DFF7E71206A1C5D00980465 /* libopencv_superres.3.3.0.dylib in Frameworks */,
				4DFF7E72206A1C5D00980465 /* libopencv_core.3.3.0.dylib in Frameworks */,
				4DFF7E67206A1C5D00980465 /* libopencv_imgproc.3.3.0.dylib in Frameworks */,
				4DFF7E6D206A1C5D00980465 /* libopencv_video.3.3.0.dylib in Frameworks */,
				4DFF7E68206A1C5D00980465 /* libopencv_ml.3.3.0.dylib in Frameworks */,
				4DFF7E6A206A1C5D00980465 /* libopencv_dnn.3.3.0.dylib in Frameworks */,
				4DFF7E73206A1C5D00980465 /* libopencv_imgcodecs.3.3.0.dylib in Frameworks */,
				4DFF7E6C206A1C5D00980465 /* libopencv_photo.3.3.0.dylib in Frameworks */,
				4DFF7E64206A1C5D00980465 /* libopencv_videostab.3.3.0.dylib in Frameworks */,
				4DFF7E65206A1C5D00980465 /* libopencv_objdetect.3.3.0.dylib in Frameworks */,
				4DFF7E66206A1C5D00980465 /* libopencv_stitching.3.3.0.dylib in Frameworks */,
				4DFF7E6E206A1C5D00980465 /* libopencv_videoio.3.3.0.dylib in Frameworks */,
			);
			runOnlyForDeploymentPostprocessing = 0;
		};
/* End PBXFrameworksBuildPhase section */

/* Begin PBXGroup section */
		4DC8EB1B206113B10015E54F = {
			isa = PBXGroup;
			children = (
				4DFF7E5F206A1C5D00980465 /* libopencv_calib3d.3.3.0.dylib */,
				4DFF7E61206A1C5D00980465 /* libopencv_core.3.3.0.dylib */,
				4DFF7E59206A1C5C00980465 /* libopencv_dnn.3.3.0.dylib */,
				4DFF7E5A206A1C5C00980465 /* libopencv_features2d.3.3.0.dylib */,
				4DFF7E5E206A1C5D00980465 /* libopencv_flann.3.3.0.dylib */,
				4DFF7E52206A1C5B00980465 /* libopencv_highgui.3.3.0.dylib */,
				4DFF7E62206A1C5D00980465 /* libopencv_imgcodecs.3.3.0.dylib */,
				4DFF7E56206A1C5B00980465 /* libopencv_imgproc.3.3.0.dylib */,
				4DFF7E57206A1C5C00980465 /* libopencv_ml.3.3.0.dylib */,
				4DFF7E54206A1C5B00980465 /* libopencv_objdetect.3.3.0.dylib */,
				4DFF7E5B206A1C5C00980465 /* libopencv_photo.3.3.0.dylib */,
				4DFF7E58206A1C5C00980465 /* libopencv_shape.3.3.0.dylib */,
				4DFF7E55206A1C5B00980465 /* libopencv_stitching.3.3.0.dylib */,
				4DFF7E60206A1C5D00980465 /* libopencv_superres.3.3.0.dylib */,
				4DFF7E5C206A1C5C00980465 /* libopencv_video.3.3.0.dylib */,
				4DFF7E5D206A1C5C00980465 /* libopencv_videoio.3.3.0.dylib */,
				4DFF7E53206A1C5B00980465 /* libopencv_videostab.3.3.0.dylib */,
				4DC8EB26206113B10015E54F /* Golden_Hour */,
				4DC8EB25206113B10015E54F /* Products */,
			);
			sourceTree = "<group>";
		};
		4DC8EB25206113B10015E54F /* Products */ = {
			isa = PBXGroup;
			children = (
				4DC8EB24206113B10015E54F /* Golden_Hour */,
			);
			name = Products;
			sourceTree = "<group>";
		};
		4DC8EB26206113B10015E54F /* Golden_Hour */ = {
			isa = PBXGroup;
			children = (
				4DC8EB27206113B10015E54F /* main.cpp */,
				4DFF7E4F206A1BDD00980465 /* StyleConvert.cpp */,
				4DFF7E50206A1BDD00980465 /* StyleConvert.hpp */,
				4DFF7E74206A6DD400980465 /* MergeImage.cpp */,
				4DFF7E75206A6DD400980465 /* MergeImage.hpp */,
			);
			path = Golden_Hour;
			sourceTree = "<group>";
		};
/* End PBXGroup section */

/* Begin PBXNativeTarget section */
		4DC8EB23206113B10015E54F /* Golden_Hour */ = {
			isa = PBXNativeTarget;
			buildConfigurationList = 4DC8EB2B206113B10015E54F /* Build configuration list for PBXNativeTarget "Golden_Hour" */;
			buildPhases = (
				4DC8EB20206113B10015E54F /* Sources */,
				4DC8EB21206113B10015E54F /* Frameworks */,
				4DC8EB22206113B10015E54F /* CopyFiles */,
			);
			buildRules = (
			);
			dependencies = (
			);
			name = Golden_Hour;
			productName = Golden_Hour;
			productReference = 4DC8EB24206113B10015E54F /* Golden_Hour */;
			productType = "com.apple.product-type.tool";
		};
/* End PBXNativeTarget section */

/* Begin PBXProject section */
		4DC8EB1C206113B10015E54F /* Project object */ = {
			isa = PBXProject;
			attributes = {
				LastUpgradeCheck = 0920;
				ORGANIZATIONNAME = "宋題均";
				TargetAttributes = {
					4DC8EB23206113B10015E54F = {
						CreatedOnToolsVersion = 9.2;
						ProvisioningStyle = Automatic;
					};
				};
			};
			buildConfigurationList = 4DC8EB1F206113B10015E54F /* Build configuration list for PBXProject "Golden_Hour" */;
			compatibilityVersion = "Xcode 8.0";
			developmentRegion = en;
			hasScannedForEncodings = 0;
			knownRegions = (
				en,
			);
			mainGroup = 4DC8EB1B206113B10015E54F;
			productRefGroup = 4DC8EB25206113B10015E54F /* Products */;
			projectDirPath = "";
			projectRoot = "";
			targets = (
				4DC8EB23206113B10015E54F /* Golden_Hour */,
			);
		};
/* End PBXProject section */

/* Begin PBXSourcesBuildPhase section */
		4DC8EB20206113B10015E54F /* Sources */ = {
			isa = PBXSourcesBuildPhase;
			buildActionMask = 2147483647;
			files = (
				4DFF7E76206A6DD400980465 /* MergeImage.cpp in Sources */,
				4DC8EB28206113B10015E54F /* main.cpp in Sources */,
				4DFF7E51206A1BDD00980465 /* StyleConvert.cpp in Sources */,
			);
			runOnlyForDeploymentPostprocessing = 0;
		};
/* End PBXSourcesBuildPhase section */

/* Begin XCBuildConfiguration section */
		4DC8EB29206113B10015E54F /* Debug */ = {
			isa = XCBuildConfiguration;
			buildSettings = {
				ALWAYS_SEARCH_USER_PATHS = NO;
				CLANG_ANALYZER_NONNULL = YES;
				CLANG_ANALYZER_NUMBER_OBJECT_CONVERSION = YES_AGGRESSIVE;
				CLANG_CXX_LANGUAGE_STANDARD = "gnu++14";
				CLANG_CXX_LIBRARY = "libc++";
				CLANG_ENABLE_MODULES = YES;
				CLANG_ENABLE_OBJC_ARC = YES;
				CLANG_WARN_BLOCK_CAPTURE_AUTORELEASING = YES;
				CLANG_WARN_BOOL_CONVERSION = YES;
				CLANG_WARN_COMMA = YES;
				CLANG_WARN_CONSTANT_CONVERSION = YES;
				CLANG_WARN_DIRECT_OBJC_ISA_USAGE = YES_ERROR;
				CLANG_WARN_DOCUMENTATION_COMMENTS = YES;
				CLANG_WARN_EMPTY_BODY = YES;
				CLANG_WARN_ENUM_CONVERSION = YES;
				CLANG_WARN_INFINITE_RECURSION = YES;
				CLANG_WARN_INT_CONVERSION = YES;
				CLANG_WARN_NON_LITERAL_NULL_CONVERSION = YES;
				CLANG_WARN_OBJC_LITERAL_CONVERSION = YES;
				CLANG_WARN_OBJC_ROOT_CLASS = YES_ERROR;
				CLANG_WARN_RANGE_LOOP_ANALYSIS = YES;
				CLANG_WARN_STRICT_PROTOTYPES = YES;
				CLANG_WARN_SUSPICIOUS_MOVE = YES;
				CLANG_WARN_UNGUARDED_AVAILABILITY = YES_AGGRESSIVE;
				CLANG_WARN_UNREACHABLE_CODE = YES;
				CLANG_WARN__DUPLICATE_METHOD_MATCH = YES;
				CODE_SIGN_IDENTITY = "-";
				COPY_PHASE_STRIP = NO;
				DEBUG_INFORMATION_FORMAT = dwarf;
				ENABLE_STRICT_OBJC_MSGSEND = YES;
				ENABLE_TESTABILITY = YES;
				GCC_C_LANGUAGE_STANDARD = gnu11;
				GCC_DYNAMIC_NO_PIC = NO;
				GCC_NO_COMMON_BLOCKS = YES;
				GCC_OPTIMIZATION_LEVEL = 0;
				GCC_PREPROCESSOR_DEFINITIONS = (
					"DEBUG=1",
					"$(inherited)",
				);
				GCC_WARN_64_TO_32_BIT_CONVERSION = YES;
				GCC_WARN_ABOUT_RETURN_TYPE = YES_ERROR;
				GCC_WARN_UNDECLARED_SELECTOR = YES;
				GCC_WARN_UNINITIALIZED_AUTOS = YES_AGGRESSIVE;
				GCC_WARN_UNUSED_FUNCTION = YES;
				GCC_WARN_UNUSED_VARIABLE = YES;
				MACOSX_DEPLOYMENT_TARGET = 10.12;
				MTL_ENABLE_DEBUG_INFO = YES;
				ONLY_ACTIVE_ARCH = YES;
				SDKROOT = macosx;
			};
			name = Debug;
		};
		4DC8EB2A206113B10015E54F /* Release */ = {
			isa = XCBuildConfiguration;
			buildSettings = {
				ALWAYS_SEARCH_USER_PATHS = NO;
				CLANG_ANALYZER_NONNULL = YES;
				CLANG_ANALYZER_NUMBER_OBJECT_CONVERSION = YES_AGGRESSIVE;
				CLANG_CXX_LANGUAGE_STANDARD = "gnu++14";
				CLANG_CXX_LIBRARY = "libc++";
				CLANG_ENABLE_MODULES = YES;
				CLANG_ENABLE_OBJC_ARC = YES;
				CLANG_WARN_BLOCK_CAPTURE_AUTORELEASING = YES;
				CLANG_WARN_BOOL_CONVERSION = YES;
				CLANG_WARN_COMMA = YES;
				CLANG_WARN_CONSTANT_CONVERSION = YES;
				CLANG_WARN_DIRECT_OBJC_ISA_USAGE = YES_ERROR;
				CLANG_WARN_DOCUMENTATION_COMMENTS = YES;
				CLANG_WARN_EMPTY_BODY = YES;
				CLANG_WARN_ENUM_CONVERSION = YES;
				CLANG_WARN_INFINITE_RECURSION = YES;
				CLANG_WARN_INT_CONVERSION = YES;
				CLANG_WARN_NON_LITERAL_NULL_CONVERSION = YES;
				CLANG_WARN_OBJC_LITERAL_CONVERSION = YES;
				CLANG_WARN_OBJC_ROOT_CLASS = YES_ERROR;
				CLANG_WARN_RANGE_LOOP_ANALYSIS = YES;
				CLANG_WARN_STRICT_PROTOTYPES = YES;
				CLANG_WARN_SUSPICIOUS_MOVE = YES;
				CLANG_WARN_UNGUARDED_AVAILABILITY = YES_AGGRESSIVE;
				CLANG_WARN_UNREACHABLE_CODE = YES;
				CLANG_WARN__DUPLICATE_METHOD_MATCH = YES;
				CODE_SIGN_IDENTITY = "-";
				COPY_PHASE_STRIP = NO;
				DEBUG_INFORMATION_FORMAT = "dwarf-with-dsym";
				ENABLE_NS_ASSERTIONS = NO;
				ENABLE_STRICT_OBJC_MSGSEND = YES;
				GCC_C_LANGUAGE_STANDARD = gnu11;
				GCC_NO_COMMON_BLOCKS = YES;
				GCC_WARN_64_TO_32_BIT_CONVERSION = YES;
				GCC_WARN_ABOUT_RETURN_TYPE = YES_ERROR;
				GCC_WARN_UNDECLARED_SELECTOR = YES;
				GCC_WARN_UNINITIALIZED_AUTOS = YES_AGGRESSIVE;
				GCC_WARN_UNUSED_FUNCTION = YES;
				GCC_WARN_UNUSED_VARIABLE = YES;
				MACOSX_DEPLOYMENT_TARGET = 10.12;
				MTL_ENABLE_DEBUG_INFO = NO;
				SDKROOT = macosx;
			};
			name = Release;
		};
		4DC8EB2C206113B10015E54F /* Debug */ = {
			isa = XCBuildConfiguration;
			buildSettings = {
				CODE_SIGN_STYLE = Automatic;
				HEADER_SEARCH_PATHS = (
					/usr/local/include,
					/usr/local/include/opencv,
				);
				LIBRARY_SEARCH_PATHS = /usr/local/lib;
				PRODUCT_NAME = "$(TARGET_NAME)";
			};
			name = Debug;
		};
		4DC8EB2D206113B10015E54F /* Release */ = {
			isa = XCBuildConfiguration;
			buildSettings = {
				CODE_SIGN_STYLE = Automatic;
				HEADER_SEARCH_PATHS = (
					/usr/local/include,
					/usr/local/include/opencv,
				);
				LIBRARY_SEARCH_PATHS = /usr/local/lib;
				PRODUCT_NAME = "$(TARGET_NAME)";
			};
			name = Release;
		};
/* End XCBuildConfiguration section */

/* Begin XCConfigurationList section */
		4DC8EB1F206113B10015E54F /* Build configuration list for PBXProject "Golden_Hour" */ = {
			isa = XCConfigurationList;
			buildConfigurations = (
				4DC8EB29206113B10015E54F /* Debug */,
				4DC8EB2A206113B10015E54F /* Release */,
			);
			defaultConfigurationIsVisible = 0;
			defaultConfigurationName = Release;
		};
		4DC8EB2B206113B10015E54F /* Build configuration list for PBXNativeTarget "Golden_Hour" */ = {
			isa = XCConfigurationList;
			buildConfigurations = (
				4DC8EB2C206113B10015E54F /* Debug */,
				4DC8EB2D206113B10015E54F /* Release */,
			);
			defaultConfigurationIsVisible = 0;
			defaultConfigurationName = Release;
		};
/* End XCConfigurationList section */
	};
	rootObject = 4DC8EB1C206113B10015E54F /* Project object */;
}
